// !$*UTF8*$!
{
	archiveVersion = 1;
	classes = {
	};
	objectVersion = 54;
	objects = {

/* Begin PBXBuildFile section */
		0E0680DA2701EC240075C8FE /* LoginAndRegisterViewModel.swift in Sources */ = {isa = PBXBuildFile; fileRef = 0E0680D92701EC240075C8FE /* LoginAndRegisterViewModel.swift */; };
		0E0680DC2701EDF50075C8FE /* StringProtocol.swift in Sources */ = {isa = PBXBuildFile; fileRef = 0E0680DB2701EDF50075C8FE /* StringProtocol.swift */; };
		0E38C90326786C5C0037A915 /* AppDelegate.swift in Sources */ = {isa = PBXBuildFile; fileRef = 0E38C90226786C5C0037A915 /* AppDelegate.swift */; };
		0E38C90526786C5C0037A915 /* SceneDelegate.swift in Sources */ = {isa = PBXBuildFile; fileRef = 0E38C90426786C5C0037A915 /* SceneDelegate.swift */; };
		0E38C90726786C5C0037A915 /* ClothesViewController.swift in Sources */ = {isa = PBXBuildFile; fileRef = 0E38C90626786C5C0037A915 /* ClothesViewController.swift */; };
		0E38C90C26786C5D0037A915 /* Assets.xcassets in Resources */ = {isa = PBXBuildFile; fileRef = 0E38C90B26786C5D0037A915 /* Assets.xcassets */; };
		0E38C90F26786C5D0037A915 /* LaunchScreen.storyboard in Resources */ = {isa = PBXBuildFile; fileRef = 0E38C90D26786C5D0037A915 /* LaunchScreen.storyboard */; };
		0E38C917267872810037A915 /* AddViewController.swift in Sources */ = {isa = PBXBuildFile; fileRef = 0E38C916267872810037A915 /* AddViewController.swift */; };
		0E38C9192678728E0037A915 /* SettingViewController.swift in Sources */ = {isa = PBXBuildFile; fileRef = 0E38C9182678728E0037A915 /* SettingViewController.swift */; };
		0E38C91D2678733B0037A915 /* DetailViewController.swift in Sources */ = {isa = PBXBuildFile; fileRef = 0E38C91C2678733B0037A915 /* DetailViewController.swift */; };
		0E38C91F267873CF0037A915 /* RegisterViewController.swift in Sources */ = {isa = PBXBuildFile; fileRef = 0E38C91E267873CF0037A915 /* RegisterViewController.swift */; };
		0E38C921267874270037A915 /* LoginViewController.swift in Sources */ = {isa = PBXBuildFile; fileRef = 0E38C920267874270037A915 /* LoginViewController.swift */; };
		0E38C923267875FF0037A915 /* MainTabBarController.swift in Sources */ = {isa = PBXBuildFile; fileRef = 0E38C922267875FF0037A915 /* MainTabBarController.swift */; };
		0E38C92526787A9D0037A915 /* ImageCollectionViewCell.swift in Sources */ = {isa = PBXBuildFile; fileRef = 0E38C92426787A9D0037A915 /* ImageCollectionViewCell.swift */; };
		0E38C92A267885030037A915 /* Clothes.swift in Sources */ = {isa = PBXBuildFile; fileRef = 0E38C929267885030037A915 /* Clothes.swift */; };
		0E38C92C267885EE0037A915 /* UIView+Extension.swift in Sources */ = {isa = PBXBuildFile; fileRef = 0E38C92B267885EE0037A915 /* UIView+Extension.swift */; };
		0E38C936267893340037A915 /* Firebase+Extension.swift in Sources */ = {isa = PBXBuildFile; fileRef = 0E38C935267893340037A915 /* Firebase+Extension.swift */; };
		0E38C9382678963D0037A915 /* User.swift in Sources */ = {isa = PBXBuildFile; fileRef = 0E38C9372678963D0037A915 /* User.swift */; };
		0E3E83DE267DD4A300884FC6 /* PolicyViewController.swift in Sources */ = {isa = PBXBuildFile; fileRef = 0E3E83DD267DD4A300884FC6 /* PolicyViewController.swift */; };
		0E4A2784267DE95900511BE2 /* String+Extension.swift in Sources */ = {isa = PBXBuildFile; fileRef = 0E4A2783267DE95900511BE2 /* String+Extension.swift */; };
		0E4A2787267E078200511BE2 /* PKHUD in Frameworks */ = {isa = PBXBuildFile; productRef = 0E4A2786267E078200511BE2 /* PKHUD */; };
		0E4A278C267E1BAB00511BE2 /* PolicyTextView.swift in Sources */ = {isa = PBXBuildFile; fileRef = 0E4A278B267E1BAB00511BE2 /* PolicyTextView.swift */; };
		0E85874026FC51E3003DAB38 /* Main.storyboard in Resources */ = {isa = PBXBuildFile; fileRef = 0E85873F26FC51E3003DAB38 /* Main.storyboard */; };
		0EA36FF9268448550053D6B8 /* PolicyTitleLabel.swift in Sources */ = {isa = PBXBuildFile; fileRef = 0EA36FF8268448550053D6B8 /* PolicyTitleLabel.swift */; };
		0EAFCE0F267CC01E006A9EB6 /* RxCocoa in Frameworks */ = {isa = PBXBuildFile; productRef = 0EAFCE0E267CC01E006A9EB6 /* RxCocoa */; };
		0EAFCE11267CC01E006A9EB6 /* RxSwift in Frameworks */ = {isa = PBXBuildFile; productRef = 0EAFCE10267CC01E006A9EB6 /* RxSwift */; };
		0EBB157826FDBA0900F532AB /* SDWebImage in Frameworks */ = {isa = PBXBuildFile; productRef = 0EBB157726FDBA0900F532AB /* SDWebImage */; };
		0EF8BA0B2700652400B57BD5 /* GoogleService-Info.plist in Resources */ = {isa = PBXBuildFile; fileRef = 0EF8BA0A2700652400B57BD5 /* GoogleService-Info.plist */; };
		62D6590A514B915FBA36B170 /* Pods_ManageClothesUIkit.framework in Frameworks */ = {isa = PBXBuildFile; fileRef = F01ECA44A757EC204C09A3A1 /* Pods_ManageClothesUIkit.framework */; };
/* End PBXBuildFile section */

/* Begin PBXFileReference section */
		0E0680D92701EC240075C8FE /* LoginAndRegisterViewModel.swift */ = {isa = PBXFileReference; lastKnownFileType = sourcecode.swift; path = LoginAndRegisterViewModel.swift; sourceTree = "<group>"; };
		0E0680DB2701EDF50075C8FE /* StringProtocol.swift */ = {isa = PBXFileReference; lastKnownFileType = sourcecode.swift; path = StringProtocol.swift; sourceTree = "<group>"; };
		0E38C8FF26786C5C0037A915 /* ManageClothesUIkit.app */ = {isa = PBXFileReference; explicitFileType = wrapper.application; includeInIndex = 0; path = ManageClothesUIkit.app; sourceTree = BUILT_PRODUCTS_DIR; };
		0E38C90226786C5C0037A915 /* AppDelegate.swift */ = {isa = PBXFileReference; lastKnownFileType = sourcecode.swift; path = AppDelegate.swift; sourceTree = "<group>"; };
		0E38C90426786C5C0037A915 /* SceneDelegate.swift */ = {isa = PBXFileReference; lastKnownFileType = sourcecode.swift; path = SceneDelegate.swift; sourceTree = "<group>"; };
		0E38C90626786C5C0037A915 /* ClothesViewController.swift */ = {isa = PBXFileReference; lastKnownFileType = sourcecode.swift; path = ClothesViewController.swift; sourceTree = "<group>"; };
		0E38C90B26786C5D0037A915 /* Assets.xcassets */ = {isa = PBXFileReference; lastKnownFileType = folder.assetcatalog; path = Assets.xcassets; sourceTree = "<group>"; };
		0E38C90E26786C5D0037A915 /* Base */ = {isa = PBXFileReference; lastKnownFileType = file.storyboard; name = Base; path = Base.lproj/LaunchScreen.storyboard; sourceTree = "<group>"; };
		0E38C91026786C5D0037A915 /* Info.plist */ = {isa = PBXFileReference; lastKnownFileType = text.plist.xml; path = Info.plist; sourceTree = "<group>"; };
		0E38C916267872810037A915 /* AddViewController.swift */ = {isa = PBXFileReference; lastKnownFileType = sourcecode.swift; path = AddViewController.swift; sourceTree = "<group>"; };
		0E38C9182678728E0037A915 /* SettingViewController.swift */ = {isa = PBXFileReference; lastKnownFileType = sourcecode.swift; path = SettingViewController.swift; sourceTree = "<group>"; };
		0E38C91C2678733B0037A915 /* DetailViewController.swift */ = {isa = PBXFileReference; lastKnownFileType = sourcecode.swift; path = DetailViewController.swift; sourceTree = "<group>"; };
		0E38C91E267873CF0037A915 /* RegisterViewController.swift */ = {isa = PBXFileReference; lastKnownFileType = sourcecode.swift; path = RegisterViewController.swift; sourceTree = "<group>"; };
		0E38C920267874270037A915 /* LoginViewController.swift */ = {isa = PBXFileReference; lastKnownFileType = sourcecode.swift; path = LoginViewController.swift; sourceTree = "<group>"; };
		0E38C922267875FF0037A915 /* MainTabBarController.swift */ = {isa = PBXFileReference; lastKnownFileType = sourcecode.swift; path = MainTabBarController.swift; sourceTree = "<group>"; };
		0E38C92426787A9D0037A915 /* ImageCollectionViewCell.swift */ = {isa = PBXFileReference; lastKnownFileType = sourcecode.swift; path = ImageCollectionViewCell.swift; sourceTree = "<group>"; };
		0E38C929267885030037A915 /* Clothes.swift */ = {isa = PBXFileReference; lastKnownFileType = sourcecode.swift; path = Clothes.swift; sourceTree = "<group>"; };
		0E38C92B267885EE0037A915 /* UIView+Extension.swift */ = {isa = PBXFileReference; lastKnownFileType = sourcecode.swift; path = "UIView+Extension.swift"; sourceTree = "<group>"; };
		0E38C935267893340037A915 /* Firebase+Extension.swift */ = {isa = PBXFileReference; lastKnownFileType = sourcecode.swift; path = "Firebase+Extension.swift"; sourceTree = "<group>"; };
		0E38C9372678963D0037A915 /* User.swift */ = {isa = PBXFileReference; lastKnownFileType = sourcecode.swift; path = User.swift; sourceTree = "<group>"; };
		0E3E83DD267DD4A300884FC6 /* PolicyViewController.swift */ = {isa = PBXFileReference; lastKnownFileType = sourcecode.swift; path = PolicyViewController.swift; sourceTree = "<group>"; };
		0E4A2783267DE95900511BE2 /* String+Extension.swift */ = {isa = PBXFileReference; lastKnownFileType = sourcecode.swift; path = "String+Extension.swift"; sourceTree = "<group>"; };
		0E4A278B267E1BAB00511BE2 /* PolicyTextView.swift */ = {isa = PBXFileReference; lastKnownFileType = sourcecode.swift; path = PolicyTextView.swift; sourceTree = "<group>"; };
		0E85873F26FC51E3003DAB38 /* Main.storyboard */ = {isa = PBXFileReference; lastKnownFileType = file.storyboard; path = Main.storyboard; sourceTree = "<group>"; };
		0EA36FF8268448550053D6B8 /* PolicyTitleLabel.swift */ = {isa = PBXFileReference; lastKnownFileType = sourcecode.swift; path = PolicyTitleLabel.swift; sourceTree = "<group>"; };
		0EF8BA0A2700652400B57BD5 /* GoogleService-Info.plist */ = {isa = PBXFileReference; fileEncoding = 4; lastKnownFileType = text.plist.xml; path = "GoogleService-Info.plist"; sourceTree = "<group>"; };
		9CAD3289E4B3B771DC606F70 /* Pods-ManageClothesUIkit.debug.xcconfig */ = {isa = PBXFileReference; includeInIndex = 1; lastKnownFileType = text.xcconfig; name = "Pods-ManageClothesUIkit.debug.xcconfig"; path = "Target Support Files/Pods-ManageClothesUIkit/Pods-ManageClothesUIkit.debug.xcconfig"; sourceTree = "<group>"; };
		EE7BFDD5DC2D44DE356455DB /* Pods-ManageClothesUIkit.release.xcconfig */ = {isa = PBXFileReference; includeInIndex = 1; lastKnownFileType = text.xcconfig; name = "Pods-ManageClothesUIkit.release.xcconfig"; path = "Target Support Files/Pods-ManageClothesUIkit/Pods-ManageClothesUIkit.release.xcconfig"; sourceTree = "<group>"; };
		F01ECA44A757EC204C09A3A1 /* Pods_ManageClothesUIkit.framework */ = {isa = PBXFileReference; explicitFileType = wrapper.framework; includeInIndex = 0; path = Pods_ManageClothesUIkit.framework; sourceTree = BUILT_PRODUCTS_DIR; };
/* End PBXFileReference section */

/* Begin PBXFrameworksBuildPhase section */
		0E38C8FC26786C5C0037A915 /* Frameworks */ = {
			isa = PBXFrameworksBuildPhase;
			buildActionMask = 2147483647;
			files = (
				0EAFCE11267CC01E006A9EB6 /* RxSwift in Frameworks */,
				0EBB157826FDBA0900F532AB /* SDWebImage in Frameworks */,
				0EAFCE0F267CC01E006A9EB6 /* RxCocoa in Frameworks */,
				62D6590A514B915FBA36B170 /* Pods_ManageClothesUIkit.framework in Frameworks */,
				0E4A2787267E078200511BE2 /* PKHUD in Frameworks */,
			);
			runOnlyForDeploymentPostprocessing = 0;
		};
/* End PBXFrameworksBuildPhase section */

/* Begin PBXGroup section */
		0E0680D82701EC000075C8FE /* ViewModels */ = {
			isa = PBXGroup;
			children = (
				0E0680D92701EC240075C8FE /* LoginAndRegisterViewModel.swift */,
			);
			path = ViewModels;
			sourceTree = "<group>";
		};
		0E38C8F626786C5C0037A915 = {
			isa = PBXGroup;
			children = (
				0E38C90126786C5C0037A915 /* ManageClothesUIkit */,
				0E38C90026786C5C0037A915 /* Products */,
				FE2B5CB9778CC8D2328C0AA9 /* Pods */,
				B37220820A88EF5B376F1723 /* Frameworks */,
			);
			sourceTree = "<group>";
		};
		0E38C90026786C5C0037A915 /* Products */ = {
			isa = PBXGroup;
			children = (
				0E38C8FF26786C5C0037A915 /* ManageClothesUIkit.app */,
			);
			name = Products;
			sourceTree = "<group>";
		};
		0E38C90126786C5C0037A915 /* ManageClothesUIkit */ = {
			isa = PBXGroup;
			children = (
				0E85873F26FC51E3003DAB38 /* Main.storyboard */,
				0E38C90226786C5C0037A915 /* AppDelegate.swift */,
				0E38C90426786C5C0037A915 /* SceneDelegate.swift */,
				0E38C93B2678C8210037A915 /* Cells */,
				0E38C92D267885F20037A915 /* Extensions */,
				0E38C928267883B10037A915 /* Models */,
				0E0680D82701EC000075C8FE /* ViewModels */,
				0E38C91B267872A00037A915 /* Views */,
				0E38C91A267872960037A915 /* ViewControllers */,
				0E38C90B26786C5D0037A915 /* Assets.xcassets */,
				0E38C90D26786C5D0037A915 /* LaunchScreen.storyboard */,
				0E38C91026786C5D0037A915 /* Info.plist */,
				0EF8BA0A2700652400B57BD5 /* GoogleService-Info.plist */,
			);
			path = ManageClothesUIkit;
			sourceTree = "<group>";
		};
		0E38C91A267872960037A915 /* ViewControllers */ = {
			isa = PBXGroup;
			children = (
				0E38C922267875FF0037A915 /* MainTabBarController.swift */,
				0E38C90626786C5C0037A915 /* ClothesViewController.swift */,
				0E38C91C2678733B0037A915 /* DetailViewController.swift */,
				0E38C916267872810037A915 /* AddViewController.swift */,
				0E38C9182678728E0037A915 /* SettingViewController.swift */,
				0E38C91E267873CF0037A915 /* RegisterViewController.swift */,
				0E38C920267874270037A915 /* LoginViewController.swift */,
				0E3E83DD267DD4A300884FC6 /* PolicyViewController.swift */,
			);
			path = ViewControllers;
			sourceTree = "<group>";
		};
		0E38C91B267872A00037A915 /* Views */ = {
			isa = PBXGroup;
			children = (
				0E4A278B267E1BAB00511BE2 /* PolicyTextView.swift */,
				0EA36FF8268448550053D6B8 /* PolicyTitleLabel.swift */,
			);
			path = Views;
			sourceTree = "<group>";
		};
		0E38C928267883B10037A915 /* Models */ = {
			isa = PBXGroup;
			children = (
				0E38C929267885030037A915 /* Clothes.swift */,
				0E38C9372678963D0037A915 /* User.swift */,
			);
			path = Models;
			sourceTree = "<group>";
		};
		0E38C92D267885F20037A915 /* Extensions */ = {
			isa = PBXGroup;
			children = (
				0E38C92B267885EE0037A915 /* UIView+Extension.swift */,
				0E38C935267893340037A915 /* Firebase+Extension.swift */,
				0E4A2783267DE95900511BE2 /* String+Extension.swift */,
				0E0680DB2701EDF50075C8FE /* StringProtocol.swift */,
			);
			path = Extensions;
			sourceTree = "<group>";
		};
		0E38C93B2678C8210037A915 /* Cells */ = {
			isa = PBXGroup;
			children = (
				0E38C92426787A9D0037A915 /* ImageCollectionViewCell.swift */,
			);
			path = Cells;
			sourceTree = "<group>";
		};
		B37220820A88EF5B376F1723 /* Frameworks */ = {
			isa = PBXGroup;
			children = (
				F01ECA44A757EC204C09A3A1 /* Pods_ManageClothesUIkit.framework */,
			);
			name = Frameworks;
			sourceTree = "<group>";
		};
		FE2B5CB9778CC8D2328C0AA9 /* Pods */ = {
			isa = PBXGroup;
			children = (
				9CAD3289E4B3B771DC606F70 /* Pods-ManageClothesUIkit.debug.xcconfig */,
				EE7BFDD5DC2D44DE356455DB /* Pods-ManageClothesUIkit.release.xcconfig */,
			);
			path = Pods;
			sourceTree = "<group>";
		};
/* End PBXGroup section */

/* Begin PBXNativeTarget section */
		0E38C8FE26786C5C0037A915 /* ManageClothesUIkit */ = {
			isa = PBXNativeTarget;
			buildConfigurationList = 0E38C91326786C5D0037A915 /* Build configuration list for PBXNativeTarget "ManageClothesUIkit" */;
			buildPhases = (
				B43A8B754B3CFF8D1116AE2C /* [CP] Check Pods Manifest.lock */,
				0E38C8FB26786C5C0037A915 /* Sources */,
				0E38C8FC26786C5C0037A915 /* Frameworks */,
				0E38C8FD26786C5C0037A915 /* Resources */,
				99E3F767FD4D18DEC8D7F44A /* [CP] Embed Pods Frameworks */,
			);
			buildRules = (
			);
			dependencies = (
			);
			name = ManageClothesUIkit;
			packageProductDependencies = (
				0EAFCE0E267CC01E006A9EB6 /* RxCocoa */,
				0EAFCE10267CC01E006A9EB6 /* RxSwift */,
				0E4A2786267E078200511BE2 /* PKHUD */,
				0EBB157726FDBA0900F532AB /* SDWebImage */,
			);
			productName = ManageClothesUIkit;
			productReference = 0E38C8FF26786C5C0037A915 /* ManageClothesUIkit.app */;
			productType = "com.apple.product-type.application";
		};
/* End PBXNativeTarget section */

/* Begin PBXProject section */
		0E38C8F726786C5C0037A915 /* Project object */ = {
			isa = PBXProject;
			attributes = {
				LastSwiftUpdateCheck = 1250;
				LastUpgradeCheck = 1250;
				TargetAttributes = {
					0E38C8FE26786C5C0037A915 = {
						CreatedOnToolsVersion = 12.5;
					};
				};
			};
			buildConfigurationList = 0E38C8FA26786C5C0037A915 /* Build configuration list for PBXProject "ManageClothesUIkit" */;
			compatibilityVersion = "Xcode 12.0";
			developmentRegion = en;
			hasScannedForEncodings = 0;
			knownRegions = (
				en,
				Base,
			);
			mainGroup = 0E38C8F626786C5C0037A915;
			packageReferences = (
				0EAFCE0D267CC01E006A9EB6 /* XCRemoteSwiftPackageReference "RxSwift" */,
				0E4A2785267E078200511BE2 /* XCRemoteSwiftPackageReference "PKHUD" */,
				0EBB157626FDBA0900F532AB /* XCRemoteSwiftPackageReference "SDWebImage" */,
			);
			productRefGroup = 0E38C90026786C5C0037A915 /* Products */;
			projectDirPath = "";
			projectRoot = "";
			targets = (
				0E38C8FE26786C5C0037A915 /* ManageClothesUIkit */,
			);
		};
/* End PBXProject section */

/* Begin PBXResourcesBuildPhase section */
		0E38C8FD26786C5C0037A915 /* Resources */ = {
			isa = PBXResourcesBuildPhase;
			buildActionMask = 2147483647;
			files = (
				0EF8BA0B2700652400B57BD5 /* GoogleService-Info.plist in Resources */,
				0E38C90F26786C5D0037A915 /* LaunchScreen.storyboard in Resources */,
				0E85874026FC51E3003DAB38 /* Main.storyboard in Resources */,
				0E38C90C26786C5D0037A915 /* Assets.xcassets in Resources */,
			);
			runOnlyForDeploymentPostprocessing = 0;
		};
/* End PBXResourcesBuildPhase section */

/* Begin PBXShellScriptBuildPhase section */
		99E3F767FD4D18DEC8D7F44A /* [CP] Embed Pods Frameworks */ = {
			isa = PBXShellScriptBuildPhase;
			buildActionMask = 2147483647;
			files = (
			);
			inputFileListPaths = (
				"${PODS_ROOT}/Target Support Files/Pods-ManageClothesUIkit/Pods-ManageClothesUIkit-frameworks-${CONFIGURATION}-input-files.xcfilelist",
			);
			name = "[CP] Embed Pods Frameworks";
			outputFileListPaths = (
				"${PODS_ROOT}/Target Support Files/Pods-ManageClothesUIkit/Pods-ManageClothesUIkit-frameworks-${CONFIGURATION}-output-files.xcfilelist",
			);
			runOnlyForDeploymentPostprocessing = 0;
			shellPath = /bin/sh;
			shellScript = "\"${PODS_ROOT}/Target Support Files/Pods-ManageClothesUIkit/Pods-ManageClothesUIkit-frameworks.sh\"\n";
			showEnvVarsInLog = 0;
		};
		B43A8B754B3CFF8D1116AE2C /* [CP] Check Pods Manifest.lock */ = {
			isa = PBXShellScriptBuildPhase;
			buildActionMask = 2147483647;
			files = (
			);
			inputFileListPaths = (
			);
			inputPaths = (
				"${PODS_PODFILE_DIR_PATH}/Podfile.lock",
				"${PODS_ROOT}/Manifest.lock",
			);
			name = "[CP] Check Pods Manifest.lock";
			outputFileListPaths = (
			);
			outputPaths = (
				"$(DERIVED_FILE_DIR)/Pods-ManageClothesUIkit-checkManifestLockResult.txt",
			);
			runOnlyForDeploymentPostprocessing = 0;
			shellPath = /bin/sh;
			shellScript = "diff \"${PODS_PODFILE_DIR_PATH}/Podfile.lock\" \"${PODS_ROOT}/Manifest.lock\" > /dev/null\nif [ $? != 0 ] ; then\n    # print error to STDERR\n    echo \"error: The sandbox is not in sync with the Podfile.lock. Run 'pod install' or update your CocoaPods installation.\" >&2\n    exit 1\nfi\n# This output is used by Xcode 'outputs' to avoid re-running this script phase.\necho \"SUCCESS\" > \"${SCRIPT_OUTPUT_FILE_0}\"\n";
			showEnvVarsInLog = 0;
		};
/* End PBXShellScriptBuildPhase section */

/* Begin PBXSourcesBuildPhase section */
		0E38C8FB26786C5C0037A915 /* Sources */ = {
			isa = PBXSourcesBuildPhase;
			buildActionMask = 2147483647;
			files = (
				0E38C92526787A9D0037A915 /* ImageCollectionViewCell.swift in Sources */,
				0EA36FF9268448550053D6B8 /* PolicyTitleLabel.swift in Sources */,
				0E38C92C267885EE0037A915 /* UIView+Extension.swift in Sources */,
				0E38C9192678728E0037A915 /* SettingViewController.swift in Sources */,
				0E0680DC2701EDF50075C8FE /* StringProtocol.swift in Sources */,
				0E38C90726786C5C0037A915 /* ClothesViewController.swift in Sources */,
				0E38C91F267873CF0037A915 /* RegisterViewController.swift in Sources */,
				0E38C90326786C5C0037A915 /* AppDelegate.swift in Sources */,
				0E38C921267874270037A915 /* LoginViewController.swift in Sources */,
				0E3E83DE267DD4A300884FC6 /* PolicyViewController.swift in Sources */,
				0E38C92A267885030037A915 /* Clothes.swift in Sources */,
				0E38C9382678963D0037A915 /* User.swift in Sources */,
				0E38C91D2678733B0037A915 /* DetailViewController.swift in Sources */,
				0E38C917267872810037A915 /* AddViewController.swift in Sources */,
				0E4A278C267E1BAB00511BE2 /* PolicyTextView.swift in Sources */,
				0E38C90526786C5C0037A915 /* SceneDelegate.swift in Sources */,
				0E38C936267893340037A915 /* Firebase+Extension.swift in Sources */,
				0E4A2784267DE95900511BE2 /* String+Extension.swift in Sources */,
				0E0680DA2701EC240075C8FE /* LoginAndRegisterViewModel.swift in Sources */,
				0E38C923267875FF0037A915 /* MainTabBarController.swift in Sources */,
			);
			runOnlyForDeploymentPostprocessing = 0;
		};
/* End PBXSourcesBuildPhase section */

/* Begin PBXVariantGroup section */
		0E38C90D26786C5D0037A915 /* LaunchScreen.storyboard */ = {
			isa = PBXVariantGroup;
			children = (
				0E38C90E26786C5D0037A915 /* Base */,
			);
			name = LaunchScreen.storyboard;
			sourceTree = "<group>";
		};
/* End PBXVariantGroup section */

/* Begin XCBuildConfiguration section */
		0E38C91126786C5D0037A915 /* Debug */ = {
			isa = XCBuildConfiguration;
			buildSettings = {
				ALWAYS_SEARCH_USER_PATHS = NO;
				CLANG_ANALYZER_NONNULL = YES;
				CLANG_ANALYZER_NUMBER_OBJECT_CONVERSION = YES_AGGRESSIVE;
				CLANG_CXX_LANGUAGE_STANDARD = "gnu++14";
				CLANG_CXX_LIBRARY = "libc++";
				CLANG_ENABLE_MODULES = YES;
				CLANG_ENABLE_OBJC_ARC = YES;
				CLANG_ENABLE_OBJC_WEAK = YES;
				CLANG_WARN_BLOCK_CAPTURE_AUTORELEASING = YES;
				CLANG_WARN_BOOL_CONVERSION = YES;
				CLANG_WARN_COMMA = YES;
				CLANG_WARN_CONSTANT_CONVERSION = YES;
				CLANG_WARN_DEPRECATED_OBJC_IMPLEMENTATIONS = YES;
				CLANG_WARN_DIRECT_OBJC_ISA_USAGE = YES_ERROR;
				CLANG_WARN_DOCUMENTATION_COMMENTS = YES;
				CLANG_WARN_EMPTY_BODY = YES;
				CLANG_WARN_ENUM_CONVERSION = YES;
				CLANG_WARN_INFINITE_RECURSION = YES;
				CLANG_WARN_INT_CONVERSION = YES;
				CLANG_WARN_NON_LITERAL_NULL_CONVERSION = YES;
				CLANG_WARN_OBJC_IMPLICIT_RETAIN_SELF = YES;
				CLANG_WARN_OBJC_LITERAL_CONVERSION = YES;
				CLANG_WARN_OBJC_ROOT_CLASS = YES_ERROR;
				CLANG_WARN_QUOTED_INCLUDE_IN_FRAMEWORK_HEADER = YES;
				CLANG_WARN_RANGE_LOOP_ANALYSIS = YES;
				CLANG_WARN_STRICT_PROTOTYPES = YES;
				CLANG_WARN_SUSPICIOUS_MOVE = YES;
				CLANG_WARN_UNGUARDED_AVAILABILITY = YES_AGGRESSIVE;
				CLANG_WARN_UNREACHABLE_CODE = YES;
				CLANG_WARN__DUPLICATE_METHOD_MATCH = YES;
				COPY_PHASE_STRIP = NO;
				DEBUG_INFORMATION_FORMAT = dwarf;
				ENABLE_STRICT_OBJC_MSGSEND = YES;
				ENABLE_TESTABILITY = YES;
				EXCLUDED_ARCHS = "";
				GCC_C_LANGUAGE_STANDARD = gnu11;
				GCC_DYNAMIC_NO_PIC = NO;
				GCC_NO_COMMON_BLOCKS = YES;
				GCC_OPTIMIZATION_LEVEL = 0;
				GCC_PREPROCESSOR_DEFINITIONS = (
					"DEBUG=1",
					"$(inherited)",
				);
				GCC_WARN_64_TO_32_BIT_CONVERSION = YES;
				GCC_WARN_ABOUT_RETURN_TYPE = YES_ERROR;
				GCC_WARN_UNDECLARED_SELECTOR = YES;
				GCC_WARN_UNINITIALIZED_AUTOS = YES_AGGRESSIVE;
				GCC_WARN_UNUSED_FUNCTION = YES;
				GCC_WARN_UNUSED_VARIABLE = YES;
				IPHONEOS_DEPLOYMENT_TARGET = 14.1;
				MTL_ENABLE_DEBUG_INFO = INCLUDE_SOURCE;
				MTL_FAST_MATH = YES;
				ONLY_ACTIVE_ARCH = YES;
				SDKROOT = iphoneos;
				SWIFT_ACTIVE_COMPILATION_CONDITIONS = DEBUG;
				SWIFT_OPTIMIZATION_LEVEL = "-Onone";
			};
			name = Debug;
		};
		0E38C91226786C5D0037A915 /* Release */ = {
			isa = XCBuildConfiguration;
			buildSettings = {
				ALWAYS_SEARCH_USER_PATHS = NO;
				CLANG_ANALYZER_NONNULL = YES;
				CLANG_ANALYZER_NUMBER_OBJECT_CONVERSION = YES_AGGRESSIVE;
				CLANG_CXX_LANGUAGE_STANDARD = "gnu++14";
				CLANG_CXX_LIBRARY = "libc++";
				CLANG_ENABLE_MODULES = YES;
				CLANG_ENABLE_OBJC_ARC = YES;
				CLANG_ENABLE_OBJC_WEAK = YES;
				CLANG_WARN_BLOCK_CAPTURE_AUTORELEASING = YES;
				CLANG_WARN_BOOL_CONVERSION = YES;
				CLANG_WARN_COMMA = YES;
				CLANG_WARN_CONSTANT_CONVERSION = YES;
				CLANG_WARN_DEPRECATED_OBJC_IMPLEMENTATIONS = YES;
				CLANG_WARN_DIRECT_OBJC_ISA_USAGE = YES_ERROR;
				CLANG_WARN_DOCUMENTATION_COMMENTS = YES;
				CLANG_WARN_EMPTY_BODY = YES;
				CLANG_WARN_ENUM_CONVERSION = YES;
				CLANG_WARN_INFINITE_RECURSION = YES;
				CLANG_WARN_INT_CONVERSION = YES;
				CLANG_WARN_NON_LITERAL_NULL_CONVERSION = YES;
				CLANG_WARN_OBJC_IMPLICIT_RETAIN_SELF = YES;
				CLANG_WARN_OBJC_LITERAL_CONVERSION = YES;
				CLANG_WARN_OBJC_ROOT_CLASS = YES_ERROR;
				CLANG_WARN_QUOTED_INCLUDE_IN_FRAMEWORK_HEADER = YES;
				CLANG_WARN_RANGE_LOOP_ANALYSIS = YES;
				CLANG_WARN_STRICT_PROTOTYPES = YES;
				CLANG_WARN_SUSPICIOUS_MOVE = YES;
				CLANG_WARN_UNGUARDED_AVAILABILITY = YES_AGGRESSIVE;
				CLANG_WARN_UNREACHABLE_CODE = YES;
				CLANG_WARN__DUPLICATE_METHOD_MATCH = YES;
				COPY_PHASE_STRIP = NO;
				DEBUG_INFORMATION_FORMAT = "dwarf-with-dsym";
				ENABLE_NS_ASSERTIONS = NO;
				ENABLE_STRICT_OBJC_MSGSEND = YES;
				EXCLUDED_ARCHS = "";
				GCC_C_LANGUAGE_STANDARD = gnu11;
				GCC_NO_COMMON_BLOCKS = YES;
				GCC_WARN_64_TO_32_BIT_CONVERSION = YES;
				GCC_WARN_ABOUT_RETURN_TYPE = YES_ERROR;
				GCC_WARN_UNDECLARED_SELECTOR = YES;
				GCC_WARN_UNINITIALIZED_AUTOS = YES_AGGRESSIVE;
				GCC_WARN_UNUSED_FUNCTION = YES;
				GCC_WARN_UNUSED_VARIABLE = YES;
				IPHONEOS_DEPLOYMENT_TARGET = 14.1;
				MTL_ENABLE_DEBUG_INFO = NO;
				MTL_FAST_MATH = YES;
				SDKROOT = iphoneos;
				SWIFT_COMPILATION_MODE = wholemodule;
				SWIFT_OPTIMIZATION_LEVEL = "-O";
				VALIDATE_PRODUCT = YES;
			};
			name = Release;
		};
		0E38C91426786C5D0037A915 /* Debug */ = {
			isa = XCBuildConfiguration;
			baseConfigurationReference = 9CAD3289E4B3B771DC606F70 /* Pods-ManageClothesUIkit.debug.xcconfig */;
			buildSettings = {
				ASSETCATALOG_COMPILER_APPICON_NAME = AppIcon;
				ASSETCATALOG_COMPILER_GLOBAL_ACCENT_COLOR_NAME = AccentColor;
				CODE_SIGN_STYLE = Automatic;
				CURRENT_PROJECT_VERSION = 1.0.4;
				DEVELOPMENT_TEAM = YS2AMQ6S9J;
				INFOPLIST_FILE = ManageClothesUIkit/Info.plist;
				IPHONEOS_DEPLOYMENT_TARGET = 14.1;
				LD_RUNPATH_SEARCH_PATHS = (
					"$(inherited)",
					"@executable_path/Frameworks",
				);
				MARKETING_VERSION = 1.0.4;
				PRODUCT_BUNDLE_IDENTIFIER = com.kentoself.ManageClothesUIkit;
				PRODUCT_NAME = "$(TARGET_NAME)";
				SWIFT_VERSION = 5.0;
				TARGETED_DEVICE_FAMILY = 1;
			};
			name = Debug;
		};
		0E38C91526786C5D0037A915 /* Release */ = {
			isa = XCBuildConfiguration;
			baseConfigurationReference = EE7BFDD5DC2D44DE356455DB /* Pods-ManageClothesUIkit.release.xcconfig */;
			buildSettings = {
				ASSETCATALOG_COMPILER_APPICON_NAME = AppIcon;
				ASSETCATALOG_COMPILER_GLOBAL_ACCENT_COLOR_NAME = AccentColor;
				CODE_SIGN_STYLE = Automatic;
				CURRENT_PROJECT_VERSION = 1.0.4;
				DEVELOPMENT_TEAM = YS2AMQ6S9J;
				INFOPLIST_FILE = ManageClothesUIkit/Info.plist;
				IPHONEOS_DEPLOYMENT_TARGET = 14.1;
				LD_RUNPATH_SEARCH_PATHS = (
					"$(inherited)",
					"@executable_path/Frameworks",
				);
				MARKETING_VERSION = 1.0.4;
				PRODUCT_BUNDLE_IDENTIFIER = com.kentoself.ManageClothesUIkit;
				PRODUCT_NAME = "$(TARGET_NAME)";
				SWIFT_VERSION = 5.0;
				TARGETED_DEVICE_FAMILY = 1;
			};
			name = Release;
		};
/* End XCBuildConfiguration section */

/* Begin XCConfigurationList section */
		0E38C8FA26786C5C0037A915 /* Build configuration list for PBXProject "ManageClothesUIkit" */ = {
			isa = XCConfigurationList;
			buildConfigurations = (
				0E38C91126786C5D0037A915 /* Debug */,
				0E38C91226786C5D0037A915 /* Release */,
			);
			defaultConfigurationIsVisible = 0;
			defaultConfigurationName = Release;
		};
		0E38C91326786C5D0037A915 /* Build configuration list for PBXNativeTarget "ManageClothesUIkit" */ = {
			isa = XCConfigurationList;
			buildConfigurations = (
				0E38C91426786C5D0037A915 /* Debug */,
				0E38C91526786C5D0037A915 /* Release */,
			);
			defaultConfigurationIsVisible = 0;
			defaultConfigurationName = Release;
		};
/* End XCConfigurationList section */

/* Begin XCRemoteSwiftPackageReference section */
		0E4A2785267E078200511BE2 /* XCRemoteSwiftPackageReference "PKHUD" */ = {
			isa = XCRemoteSwiftPackageReference;
			repositoryURL = "https://github.com/pkluz/PKHUD.git";
			requirement = {
				kind = upToNextMajorVersion;
				minimumVersion = 5.4.0;
			};
		};
		0EAFCE0D267CC01E006A9EB6 /* XCRemoteSwiftPackageReference "RxSwift" */ = {
			isa = XCRemoteSwiftPackageReference;
			repositoryURL = "https://github.com/ReactiveX/RxSwift";
			requirement = {
				kind = upToNextMajorVersion;
				minimumVersion = 6.2.0;
			};
		};
		0EBB157626FDBA0900F532AB /* XCRemoteSwiftPackageReference "SDWebImage" */ = {
			isa = XCRemoteSwiftPackageReference;
			repositoryURL = "https://github.com/SDWebImage/SDWebImage";
			requirement = {
				kind = upToNextMajorVersion;
				minimumVersion = 5.11.1;
			};
		};
/* End XCRemoteSwiftPackageReference section */

/* Begin XCSwiftPackageProductDependency section */
		0E4A2786267E078200511BE2 /* PKHUD */ = {
			isa = XCSwiftPackageProductDependency;
			package = 0E4A2785267E078200511BE2 /* XCRemoteSwiftPackageReference "PKHUD" */;
			productName = PKHUD;
		};
		0EAFCE0E267CC01E006A9EB6 /* RxCocoa */ = {
			isa = XCSwiftPackageProductDependency;
			package = 0EAFCE0D267CC01E006A9EB6 /* XCRemoteSwiftPackageReference "RxSwift" */;
			productName = RxCocoa;
		};
		0EAFCE10267CC01E006A9EB6 /* RxSwift */ = {
			isa = XCSwiftPackageProductDependency;
			package = 0EAFCE0D267CC01E006A9EB6 /* XCRemoteSwiftPackageReference "RxSwift" */;
			productName = RxSwift;
		};
		0EBB157726FDBA0900F532AB /* SDWebImage */ = {
			isa = XCSwiftPackageProductDependency;
			package = 0EBB157626FDBA0900F532AB /* XCRemoteSwiftPackageReference "SDWebImage" */;
			productName = SDWebImage;
		};
/* End XCSwiftPackageProductDependency section */
	};
	rootObject = 0E38C8F726786C5C0037A915 /* Project object */;
}
